
Microsoft Visual Studio Solution File, Format Version 12.00
# Visual Studio 15
VisualStudioVersion = 15.0.34112.143
MinimumVisualStudioVersion = 10.0.40219.1
Project("{FAE04EC0-301F-11D3-BF4B-00C04F79EFBC}") = "Sapico_Final_Project", "Sapico_Final_Project\Sapico_Final_Project.csproj", "{785D618F-176F-4871-98A3-89C66B556AAB}"
EndProject
Global
	GlobalSection(SolutionConfigurationPlatforms) = preSolution
		Debug|Any CPU = Debug|Any CPU
		Release|Any CPU = Release|Any CPU
	EndGlobalSection
	GlobalSection(ProjectConfigurationPlatforms) = postSolution
		{785D618F-176F-4871-98A3-89C66B556AAB}.Debug|Any CPU.ActiveCfg = Debug|Any CPU
		{785D618F-176F-4871-98A3-89C66B556AAB}.Debug|Any CPU.Build.0 = Debug|Any CPU
		{785D618F-176F-4871-98A3-89C66B556AAB}.Release|Any CPU.ActiveCfg = Release|Any CPU
		{785D618F-176F-4871-98A3-89C66B556AAB}.Release|Any CPU.Build.0 = Release|Any CPU
	EndGlobalSection
	GlobalSection(SolutionProperties) = preSolution
		HideSolutionNode = FALSE
	EndGlobalSection
	GlobalSection(ExtensibilityGlobals) = postSolution
		SolutionGuid = {52EC0613-18DF-4A0C-92CD-681D09656DC8}
	EndGlobalSection
EndGlobal
